// !$*UTF8*$!
{
	archiveVersion = 1;
	classes = {
	};
	objectVersion = 50;
	objects = {

/* Begin PBXBuildFile section */
		51FA08BB104B95FDA93AEE91 /* Pods_WeatherForecast.framework in Frameworks */ = {isa = PBXBuildFile; fileRef = B7046F9AE615CA87C8A91F49 /* Pods_WeatherForecast.framework */; };
		7C3110B944426606DA76EFB2 /* Pods_WeatherForecastTests.framework in Frameworks */ = {isa = PBXBuildFile; fileRef = 39222AFC1D23BE1C5C70FCFB /* Pods_WeatherForecastTests.framework */; };
		A707B04721D4A558004221EF /* AppDelegate.swift in Sources */ = {isa = PBXBuildFile; fileRef = A707B04621D4A558004221EF /* AppDelegate.swift */; };
		A707B04C21D4A558004221EF /* Main.storyboard in Resources */ = {isa = PBXBuildFile; fileRef = A707B04A21D4A558004221EF /* Main.storyboard */; };
		A707B04E21D4A559004221EF /* Assets.xcassets in Resources */ = {isa = PBXBuildFile; fileRef = A707B04D21D4A559004221EF /* Assets.xcassets */; };
		A707B05121D4A559004221EF /* LaunchScreen.storyboard in Resources */ = {isa = PBXBuildFile; fileRef = A707B04F21D4A559004221EF /* LaunchScreen.storyboard */; };
		A707B05C21D4A559004221EF /* WeatherForecastTests.swift in Sources */ = {isa = PBXBuildFile; fileRef = A707B05B21D4A559004221EF /* WeatherForecastTests.swift */; };
		A707B06F21D4A5F1004221EF /* Constants.swift in Sources */ = {isa = PBXBuildFile; fileRef = A707B06721D4A5F1004221EF /* Constants.swift */; };
		A707B07021D4A5F1004221EF /* designableView.swift in Sources */ = {isa = PBXBuildFile; fileRef = A707B06921D4A5F1004221EF /* designableView.swift */; };
		A707B07121D4A5F1004221EF /* weatherController.swift in Sources */ = {isa = PBXBuildFile; fileRef = A707B06B21D4A5F1004221EF /* weatherController.swift */; };
		A707B07221D4A5F1004221EF /* WeatherData.swift in Sources */ = {isa = PBXBuildFile; fileRef = A707B06D21D4A5F1004221EF /* WeatherData.swift */; };
		A707B07321D4A5F1004221EF /* WeatherService.swift in Sources */ = {isa = PBXBuildFile; fileRef = A707B06E21D4A5F1004221EF /* WeatherService.swift */; };
/* End PBXBuildFile section */

/* Begin PBXContainerItemProxy section */
		A707B05821D4A559004221EF /* PBXContainerItemProxy */ = {
			isa = PBXContainerItemProxy;
			containerPortal = A707B03B21D4A558004221EF /* Project object */;
			proxyType = 1;
			remoteGlobalIDString = A707B04221D4A558004221EF;
			remoteInfo = WeatherForecast;
		};
/* End PBXContainerItemProxy section */

/* Begin PBXFileReference section */
		29E66667521A113873AA910E /* Pods-WeatherForecastTests.debug.xcconfig */ = {isa = PBXFileReference; includeInIndex = 1; lastKnownFileType = text.xcconfig; name = "Pods-WeatherForecastTests.debug.xcconfig"; path = "Pods/Target Support Files/Pods-WeatherForecastTests/Pods-WeatherForecastTests.debug.xcconfig"; sourceTree = "<group>"; };
		39222AFC1D23BE1C5C70FCFB /* Pods_WeatherForecastTests.framework */ = {isa = PBXFileReference; explicitFileType = wrapper.framework; includeInIndex = 0; path = Pods_WeatherForecastTests.framework; sourceTree = BUILT_PRODUCTS_DIR; };
		3AD166C5775835033A97BB82 /* Pods-WeatherForecastTests.release.xcconfig */ = {isa = PBXFileReference; includeInIndex = 1; lastKnownFileType = text.xcconfig; name = "Pods-WeatherForecastTests.release.xcconfig"; path = "Pods/Target Support Files/Pods-WeatherForecastTests/Pods-WeatherForecastTests.release.xcconfig"; sourceTree = "<group>"; };
		5E4FBD60551DD04F60494D0A /* Pods-WeatherForecast.release.xcconfig */ = {isa = PBXFileReference; includeInIndex = 1; lastKnownFileType = text.xcconfig; name = "Pods-WeatherForecast.release.xcconfig"; path = "Pods/Target Support Files/Pods-WeatherForecast/Pods-WeatherForecast.release.xcconfig"; sourceTree = "<group>"; };
		9B9B0BEA23EE4BC35477612A /* Pods-WeatherForecast.debug.xcconfig */ = {isa = PBXFileReference; includeInIndex = 1; lastKnownFileType = text.xcconfig; name = "Pods-WeatherForecast.debug.xcconfig"; path = "Pods/Target Support Files/Pods-WeatherForecast/Pods-WeatherForecast.debug.xcconfig"; sourceTree = "<group>"; };
		A707B04321D4A558004221EF /* WeatherForecast.app */ = {isa = PBXFileReference; explicitFileType = wrapper.application; includeInIndex = 0; path = WeatherForecast.app; sourceTree = BUILT_PRODUCTS_DIR; };
		A707B04621D4A558004221EF /* AppDelegate.swift */ = {isa = PBXFileReference; lastKnownFileType = sourcecode.swift; path = AppDelegate.swift; sourceTree = "<group>"; };
		A707B04B21D4A558004221EF /* Base */ = {isa = PBXFileReference; lastKnownFileType = file.storyboard; name = Base; path = Base.lproj/Main.storyboard; sourceTree = "<group>"; };
		A707B04D21D4A559004221EF /* Assets.xcassets */ = {isa = PBXFileReference; lastKnownFileType = folder.assetcatalog; path = Assets.xcassets; sourceTree = "<group>"; };
		A707B05021D4A559004221EF /* Base */ = {isa = PBXFileReference; lastKnownFileType = file.storyboard; name = Base; path = Base.lproj/LaunchScreen.storyboard; sourceTree = "<group>"; };
		A707B05221D4A559004221EF /* Info.plist */ = {isa = PBXFileReference; lastKnownFileType = text.plist.xml; path = Info.plist; sourceTree = "<group>"; };
		A707B05721D4A559004221EF /* WeatherForecastTests.xctest */ = {isa = PBXFileReference; explicitFileType = wrapper.cfbundle; includeInIndex = 0; path = WeatherForecastTests.xctest; sourceTree = BUILT_PRODUCTS_DIR; };
		A707B05B21D4A559004221EF /* WeatherForecastTests.swift */ = {isa = PBXFileReference; lastKnownFileType = sourcecode.swift; path = WeatherForecastTests.swift; sourceTree = "<group>"; };
		A707B05D21D4A559004221EF /* Info.plist */ = {isa = PBXFileReference; lastKnownFileType = text.plist.xml; path = Info.plist; sourceTree = "<group>"; };
		A707B06721D4A5F1004221EF /* Constants.swift */ = {isa = PBXFileReference; fileEncoding = 4; lastKnownFileType = sourcecode.swift; path = Constants.swift; sourceTree = "<group>"; };
		A707B06921D4A5F1004221EF /* designableView.swift */ = {isa = PBXFileReference; fileEncoding = 4; lastKnownFileType = sourcecode.swift; path = designableView.swift; sourceTree = "<group>"; };
		A707B06B21D4A5F1004221EF /* weatherController.swift */ = {isa = PBXFileReference; fileEncoding = 4; lastKnownFileType = sourcecode.swift; path = weatherController.swift; sourceTree = "<group>"; };
		A707B06D21D4A5F1004221EF /* WeatherData.swift */ = {isa = PBXFileReference; fileEncoding = 4; lastKnownFileType = sourcecode.swift; path = WeatherData.swift; sourceTree = "<group>"; };
		A707B06E21D4A5F1004221EF /* WeatherService.swift */ = {isa = PBXFileReference; fileEncoding = 4; lastKnownFileType = sourcecode.swift; path = WeatherService.swift; sourceTree = "<group>"; };
		B7046F9AE615CA87C8A91F49 /* Pods_WeatherForecast.framework */ = {isa = PBXFileReference; explicitFileType = wrapper.framework; includeInIndex = 0; path = Pods_WeatherForecast.framework; sourceTree = BUILT_PRODUCTS_DIR; };
/* End PBXFileReference section */

/* Begin PBXFrameworksBuildPhase section */
		A707B04021D4A558004221EF /* Frameworks */ = {
			isa = PBXFrameworksBuildPhase;
			buildActionMask = 2147483647;
			files = (
				51FA08BB104B95FDA93AEE91 /* Pods_WeatherForecast.framework in Frameworks */,
			);
			runOnlyForDeploymentPostprocessing = 0;
		};
		A707B05421D4A559004221EF /* Frameworks */ = {
			isa = PBXFrameworksBuildPhase;
			buildActionMask = 2147483647;
			files = (
				7C3110B944426606DA76EFB2 /* Pods_WeatherForecastTests.framework in Frameworks */,
			);
			runOnlyForDeploymentPostprocessing = 0;
		};
/* End PBXFrameworksBuildPhase section */

/* Begin PBXGroup section */
		108B320BECEC4E9047C8DE0A /* Pods */ = {
			isa = PBXGroup;
			children = (
				9B9B0BEA23EE4BC35477612A /* Pods-WeatherForecast.debug.xcconfig */,
				5E4FBD60551DD04F60494D0A /* Pods-WeatherForecast.release.xcconfig */,
				29E66667521A113873AA910E /* Pods-WeatherForecastTests.debug.xcconfig */,
				3AD166C5775835033A97BB82 /* Pods-WeatherForecastTests.release.xcconfig */,
			);
			name = Pods;
			sourceTree = "<group>";
		};
		A707B03A21D4A558004221EF = {
			isa = PBXGroup;
			children = (
				A707B04521D4A558004221EF /* WeatherForecast */,
				A707B05A21D4A559004221EF /* WeatherForecastTests */,
				A707B04421D4A558004221EF /* Products */,
				108B320BECEC4E9047C8DE0A /* Pods */,
				C77AFC6AAEEF061C09817385 /* Frameworks */,
			);
			sourceTree = "<group>";
		};
		A707B04421D4A558004221EF /* Products */ = {
			isa = PBXGroup;
			children = (
				A707B04321D4A558004221EF /* WeatherForecast.app */,
				A707B05721D4A559004221EF /* WeatherForecastTests.xctest */,
			);
			name = Products;
			sourceTree = "<group>";
		};
		A707B04521D4A558004221EF /* WeatherForecast */ = {
			isa = PBXGroup;
			children = (
				A707B06621D4A5F1004221EF /* ConstantFile */,
				A707B06821D4A5F1004221EF /* IBDesignableCollection */,
				A707B06A21D4A5F1004221EF /* Controller */,
				A707B07421D4A612004221EF /* View */,
				A707B06C21D4A5F1004221EF /* Model */,
				A707B04621D4A558004221EF /* AppDelegate.swift */,
				A707B04D21D4A559004221EF /* Assets.xcassets */,
				A707B04F21D4A559004221EF /* LaunchScreen.storyboard */,
				A707B05221D4A559004221EF /* Info.plist */,
			);
			path = WeatherForecast;
			sourceTree = "<group>";
		};
		A707B05A21D4A559004221EF /* WeatherForecastTests */ = {
			isa = PBXGroup;
			children = (
				A707B05B21D4A559004221EF /* WeatherForecastTests.swift */,
				A707B05D21D4A559004221EF /* Info.plist */,
			);
			path = WeatherForecastTests;
			sourceTree = "<group>";
		};
		A707B06621D4A5F1004221EF /* ConstantFile */ = {
			isa = PBXGroup;
			children = (
				A707B06721D4A5F1004221EF /* Constants.swift */,
			);
			path = ConstantFile;
			sourceTree = "<group>";
		};
		A707B06821D4A5F1004221EF /* IBDesignableCollection */ = {
			isa = PBXGroup;
			children = (
				A707B06921D4A5F1004221EF /* designableView.swift */,
			);
			path = IBDesignableCollection;
			sourceTree = "<group>";
		};
		A707B06A21D4A5F1004221EF /* Controller */ = {
			isa = PBXGroup;
			children = (
				A707B06B21D4A5F1004221EF /* weatherController.swift */,
			);
			path = Controller;
			sourceTree = "<group>";
		};
		A707B06C21D4A5F1004221EF /* Model */ = {
			isa = PBXGroup;
			children = (
				A707B06D21D4A5F1004221EF /* WeatherData.swift */,
				A707B06E21D4A5F1004221EF /* WeatherService.swift */,
			);
			path = Model;
			sourceTree = "<group>";
		};
		A707B07421D4A612004221EF /* View */ = {
			isa = PBXGroup;
			children = (
				A707B04A21D4A558004221EF /* Main.storyboard */,
			);
			path = View;
			sourceTree = "<group>";
		};
		C77AFC6AAEEF061C09817385 /* Frameworks */ = {
			isa = PBXGroup;
			children = (
				B7046F9AE615CA87C8A91F49 /* Pods_WeatherForecast.framework */,
				39222AFC1D23BE1C5C70FCFB /* Pods_WeatherForecastTests.framework */,
			);
			name = Frameworks;
			sourceTree = "<group>";
		};
/* End PBXGroup section */

/* Begin PBXNativeTarget section */
		A707B04221D4A558004221EF /* WeatherForecast */ = {
			isa = PBXNativeTarget;
			buildConfigurationList = A707B06021D4A559004221EF /* Build configuration list for PBXNativeTarget "WeatherForecast" */;
			buildPhases = (
				D6F7403620A3FB90F23859B8 /* [CP] Check Pods Manifest.lock */,
				A707B03F21D4A558004221EF /* Sources */,
				A707B04021D4A558004221EF /* Frameworks */,
				A707B04121D4A558004221EF /* Resources */,
				036EFE2BA578CBFC6C28F8B3 /* [CP] Embed Pods Frameworks */,
			);
			buildRules = (
			);
			dependencies = (
			);
			name = WeatherForecast;
			productName = WeatherForecast;
			productReference = A707B04321D4A558004221EF /* WeatherForecast.app */;
			productType = "com.apple.product-type.application";
		};
		A707B05621D4A559004221EF /* WeatherForecastTests */ = {
			isa = PBXNativeTarget;
			buildConfigurationList = A707B06321D4A559004221EF /* Build configuration list for PBXNativeTarget "WeatherForecastTests" */;
			buildPhases = (
				1F3AA50FE8C92A67C5E0002B /* [CP] Check Pods Manifest.lock */,
				A707B05321D4A559004221EF /* Sources */,
				A707B05421D4A559004221EF /* Frameworks */,
				A707B05521D4A559004221EF /* Resources */,
			);
			buildRules = (
			);
			dependencies = (
				A707B05921D4A559004221EF /* PBXTargetDependency */,
			);
			name = WeatherForecastTests;
			productName = WeatherForecastTests;
			productReference = A707B05721D4A559004221EF /* WeatherForecastTests.xctest */;
			productType = "com.apple.product-type.bundle.unit-test";
		};
/* End PBXNativeTarget section */

/* Begin PBXProject section */
		A707B03B21D4A558004221EF /* Project object */ = {
			isa = PBXProject;
			attributes = {
				LastSwiftUpdateCheck = 1010;
				LastUpgradeCheck = 1010;
				ORGANIZATIONNAME = "Sumit Parmar";
				TargetAttributes = {
					A707B04221D4A558004221EF = {
						CreatedOnToolsVersion = 10.1;
					};
					A707B05621D4A559004221EF = {
						CreatedOnToolsVersion = 10.1;
						TestTargetID = A707B04221D4A558004221EF;
					};
				};
			};
			buildConfigurationList = A707B03E21D4A558004221EF /* Build configuration list for PBXProject "WeatherForecast" */;
			compatibilityVersion = "Xcode 9.3";
			developmentRegion = en;
			hasScannedForEncodings = 0;
			knownRegions = (
				en,
				Base,
			);
			mainGroup = A707B03A21D4A558004221EF;
			productRefGroup = A707B04421D4A558004221EF /* Products */;
			projectDirPath = "";
			projectRoot = "";
			targets = (
				A707B04221D4A558004221EF /* WeatherForecast */,
				A707B05621D4A559004221EF /* WeatherForecastTests */,
			);
		};
/* End PBXProject section */

/* Begin PBXResourcesBuildPhase section */
		A707B04121D4A558004221EF /* Resources */ = {
			isa = PBXResourcesBuildPhase;
			buildActionMask = 2147483647;
			files = (
				A707B05121D4A559004221EF /* LaunchScreen.storyboard in Resources */,
				A707B04E21D4A559004221EF /* Assets.xcassets in Resources */,
				A707B04C21D4A558004221EF /* Main.storyboard in Resources */,
			);
			runOnlyForDeploymentPostprocessing = 0;
		};
		A707B05521D4A559004221EF /* Resources */ = {
			isa = PBXResourcesBuildPhase;
			buildActionMask = 2147483647;
			files = (
			);
			runOnlyForDeploymentPostprocessing = 0;
		};
/* End PBXResourcesBuildPhase section */

/* Begin PBXShellScriptBuildPhase section */
		036EFE2BA578CBFC6C28F8B3 /* [CP] Embed Pods Frameworks */ = {
			isa = PBXShellScriptBuildPhase;
			buildActionMask = 2147483647;
			files = (
			);
			inputFileListPaths = (
			);
			inputPaths = (
				"${SRCROOT}/Pods/Target Support Files/Pods-WeatherForecast/Pods-WeatherForecast-frameworks.sh",
				"${BUILT_PRODUCTS_DIR}/Alamofire/Alamofire.framework",
			);
			name = "[CP] Embed Pods Frameworks";
			outputFileListPaths = (
			);
			outputPaths = (
				"${TARGET_BUILD_DIR}/${FRAMEWORKS_FOLDER_PATH}/Alamofire.framework",
			);
			runOnlyForDeploymentPostprocessing = 0;
			shellPath = /bin/sh;
			shellScript = "\"${SRCROOT}/Pods/Target Support Files/Pods-WeatherForecast/Pods-WeatherForecast-frameworks.sh\"\n";
			showEnvVarsInLog = 0;
		};
		1F3AA50FE8C92A67C5E0002B /* [CP] Check Pods Manifest.lock */ = {
			isa = PBXShellScriptBuildPhase;
			buildActionMask = 2147483647;
			files = (
			);
			inputFileListPaths = (
			);
			inputPaths = (
				"${PODS_PODFILE_DIR_PATH}/Podfile.lock",
				"${PODS_ROOT}/Manifest.lock",
			);
			name = "[CP] Check Pods Manifest.lock";
			outputFileListPaths = (
			);
			outputPaths = (
				"$(DERIVED_FILE_DIR)/Pods-WeatherForecastTests-checkManifestLockResult.txt",
			);
			runOnlyForDeploymentPostprocessing = 0;
			shellPath = /bin/sh;
			shellScript = "diff \"${PODS_PODFILE_DIR_PATH}/Podfile.lock\" \"${PODS_ROOT}/Manifest.lock\" > /dev/null\nif [ $? != 0 ] ; then\n    # print error to STDERR\n    echo \"error: The sandbox is not in sync with the Podfile.lock. Run 'pod install' or update your CocoaPods installation.\" >&2\n    exit 1\nfi\n# This output is used by Xcode 'outputs' to avoid re-running this script phase.\necho \"SUCCESS\" > \"${SCRIPT_OUTPUT_FILE_0}\"\n";
			showEnvVarsInLog = 0;
		};
		D6F7403620A3FB90F23859B8 /* [CP] Check Pods Manifest.lock */ = {
			isa = PBXShellScriptBuildPhase;
			buildActionMask = 2147483647;
			files = (
			);
			inputFileListPaths = (
			);
			inputPaths = (
				"${PODS_PODFILE_DIR_PATH}/Podfile.lock",
				"${PODS_ROOT}/Manifest.lock",
			);
			name = "[CP] Check Pods Manifest.lock";
			outputFileListPaths = (
			);
			outputPaths = (
				"$(DERIVED_FILE_DIR)/Pods-WeatherForecast-checkManifestLockResult.txt",
			);
			runOnlyForDeploymentPostprocessing = 0;
			shellPath = /bin/sh;
			shellScript = "diff \"${PODS_PODFILE_DIR_PATH}/Podfile.lock\" \"${PODS_ROOT}/Manifest.lock\" > /dev/null\nif [ $? != 0 ] ; then\n    # print error to STDERR\n    echo \"error: The sandbox is not in sync with the Podfile.lock. Run 'pod install' or update your CocoaPods installation.\" >&2\n    exit 1\nfi\n# This output is used by Xcode 'outputs' to avoid re-running this script phase.\necho \"SUCCESS\" > \"${SCRIPT_OUTPUT_FILE_0}\"\n";
			showEnvVarsInLog = 0;
		};
/* End PBXShellScriptBuildPhase section */

/* Begin PBXSourcesBuildPhase section */
		A707B03F21D4A558004221EF /* Sources */ = {
			isa = PBXSourcesBuildPhase;
			buildActionMask = 2147483647;
			files = (
				A707B04721D4A558004221EF /* AppDelegate.swift in Sources */,
				A707B07221D4A5F1004221EF /* WeatherData.swift in Sources */,
				A707B07021D4A5F1004221EF /* designableView.swift in Sources */,
				A707B07121D4A5F1004221EF /* weatherController.swift in Sources */,
				A707B07321D4A5F1004221EF /* WeatherService.swift in Sources */,
				A707B06F21D4A5F1004221EF /* Constants.swift in Sources */,
			);
			runOnlyForDeploymentPostprocessing = 0;
		};
		A707B05321D4A559004221EF /* Sources */ = {
			isa = PBXSourcesBuildPhase;
			buildActionMask = 2147483647;
			files = (
				A707B05C21D4A559004221EF /* WeatherForecastTests.swift in Sources */,
			);
			runOnlyForDeploymentPostprocessing = 0;
		};
/* End PBXSourcesBuildPhase section */

/* Begin PBXTargetDependency section */
		A707B05921D4A559004221EF /* PBXTargetDependency */ = {
			isa = PBXTargetDependency;
			target = A707B04221D4A558004221EF /* WeatherForecast */;
			targetProxy = A707B05821D4A559004221EF /* PBXContainerItemProxy */;
		};
/* End PBXTargetDependency section */

/* Begin PBXVariantGroup section */
		A707B04A21D4A558004221EF /* Main.storyboard */ = {
			isa = PBXVariantGroup;
			children = (
				A707B04B21D4A558004221EF /* Base */,
			);
			name = Main.storyboard;
			sourceTree = "<group>";
		};
		A707B04F21D4A559004221EF /* LaunchScreen.storyboard */ = {
			isa = PBXVariantGroup;
			children = (
				A707B05021D4A559004221EF /* Base */,
			);
			name = LaunchScreen.storyboard;
			sourceTree = "<group>";
		};
/* End PBXVariantGroup section */

/* Begin XCBuildConfiguration section */
		A707B05E21D4A559004221EF /* Debug */ = {
			isa = XCBuildConfiguration;
			buildSettings = {
				ALWAYS_SEARCH_USER_PATHS = NO;
				CLANG_ANALYZER_NONNULL = YES;
				CLANG_ANALYZER_NUMBER_OBJECT_CONVERSION = YES_AGGRESSIVE;
				CLANG_CXX_LANGUAGE_STANDARD = "gnu++14";
				CLANG_CXX_LIBRARY = "libc++";
				CLANG_ENABLE_MODULES = YES;
				CLANG_ENABLE_OBJC_ARC = YES;
				CLANG_ENABLE_OBJC_WEAK = YES;
				CLANG_WARN_BLOCK_CAPTURE_AUTORELEASING = YES;
				CLANG_WARN_BOOL_CONVERSION = YES;
				CLANG_WARN_COMMA = YES;
				CLANG_WARN_CONSTANT_CONVERSION = YES;
				CLANG_WARN_DEPRECATED_OBJC_IMPLEMENTATIONS = YES;
				CLANG_WARN_DIRECT_OBJC_ISA_USAGE = YES_ERROR;
				CLANG_WARN_DOCUMENTATION_COMMENTS = YES;
				CLANG_WARN_EMPTY_BODY = YES;
				CLANG_WARN_ENUM_CONVERSION = YES;
				CLANG_WARN_INFINITE_RECURSION = YES;
				CLANG_WARN_INT_CONVERSION = YES;
				CLANG_WARN_NON_LITERAL_NULL_CONVERSION = YES;
				CLANG_WARN_OBJC_IMPLICIT_RETAIN_SELF = YES;
				CLANG_WARN_OBJC_LITERAL_CONVERSION = YES;
				CLANG_WARN_OBJC_ROOT_CLASS = YES_ERROR;
				CLANG_WARN_RANGE_LOOP_ANALYSIS = YES;
				CLANG_WARN_STRICT_PROTOTYPES = YES;
				CLANG_WARN_SUSPICIOUS_MOVE = YES;
				CLANG_WARN_UNGUARDED_AVAILABILITY = YES_AGGRESSIVE;
				CLANG_WARN_UNREACHABLE_CODE = YES;
				CLANG_WARN__DUPLICATE_METHOD_MATCH = YES;
				CODE_SIGN_IDENTITY = "iPhone Developer";
				COPY_PHASE_STRIP = NO;
				DEBUG_INFORMATION_FORMAT = dwarf;
				ENABLE_STRICT_OBJC_MSGSEND = YES;
				ENABLE_TESTABILITY = YES;
				GCC_C_LANGUAGE_STANDARD = gnu11;
				GCC_DYNAMIC_NO_PIC = NO;
				GCC_NO_COMMON_BLOCKS = YES;
				GCC_OPTIMIZATION_LEVEL = 0;
				GCC_PREPROCESSOR_DEFINITIONS = (
					"DEBUG=1",
					"$(inherited)",
				);
				GCC_WARN_64_TO_32_BIT_CONVERSION = YES;
				GCC_WARN_ABOUT_RETURN_TYPE = YES_ERROR;
				GCC_WARN_UNDECLARED_SELECTOR = YES;
				GCC_WARN_UNINITIALIZED_AUTOS = YES_AGGRESSIVE;
				GCC_WARN_UNUSED_FUNCTION = YES;
				GCC_WARN_UNUSED_VARIABLE = YES;
				IPHONEOS_DEPLOYMENT_TARGET = 12.1;
				MTL_ENABLE_DEBUG_INFO = INCLUDE_SOURCE;
				MTL_FAST_MATH = YES;
				ONLY_ACTIVE_ARCH = YES;
				SDKROOT = iphoneos;
				SWIFT_ACTIVE_COMPILATION_CONDITIONS = DEBUG;
				SWIFT_OPTIMIZATION_LEVEL = "-Onone";
			};
			name = Debug;
		};
		A707B05F21D4A559004221EF /* Release */ = {
			isa = XCBuildConfiguration;
			buildSettings = {
				ALWAYS_SEARCH_USER_PATHS = NO;
				CLANG_ANALYZER_NONNULL = YES;
				CLANG_ANALYZER_NUMBER_OBJECT_CONVERSION = YES_AGGRESSIVE;
				CLANG_CXX_LANGUAGE_STANDARD = "gnu++14";
				CLANG_CXX_LIBRARY = "libc++";
				CLANG_ENABLE_MODULES = YES;
				CLANG_ENABLE_OBJC_ARC = YES;
				CLANG_ENABLE_OBJC_WEAK = YES;
				CLANG_WARN_BLOCK_CAPTURE_AUTORELEASING = YES;
				CLANG_WARN_BOOL_CONVERSION = YES;
				CLANG_WARN_COMMA = YES;
				CLANG_WARN_CONSTANT_CONVERSION = YES;
				CLANG_WARN_DEPRECATED_OBJC_IMPLEMENTATIONS = YES;
				CLANG_WARN_DIRECT_OBJC_ISA_USAGE = YES_ERROR;
				CLANG_WARN_DOCUMENTATION_COMMENTS = YES;
				CLANG_WARN_EMPTY_BODY = YES;
				CLANG_WARN_ENUM_CONVERSION = YES;
				CLANG_WARN_INFINITE_RECURSION = YES;
				CLANG_WARN_INT_CONVERSION = YES;
				CLANG_WARN_NON_LITERAL_NULL_CONVERSION = YES;
				CLANG_WARN_OBJC_IMPLICIT_RETAIN_SELF = YES;
				CLANG_WARN_OBJC_LITERAL_CONVERSION = YES;
				CLANG_WARN_OBJC_ROOT_CLASS = YES_ERROR;
				CLANG_WARN_RANGE_LOOP_ANALYSIS = YES;
				CLANG_WARN_STRICT_PROTOTYPES = YES;
				CLANG_WARN_SUSPICIOUS_MOVE = YES;
				CLANG_WARN_UNGUARDED_AVAILABILITY = YES_AGGRESSIVE;
				CLANG_WARN_UNREACHABLE_CODE = YES;
				CLANG_WARN__DUPLICATE_METHOD_MATCH = YES;
				CODE_SIGN_IDENTITY = "iPhone Developer";
				COPY_PHASE_STRIP = NO;
				DEBUG_INFORMATION_FORMAT = "dwarf-with-dsym";
				ENABLE_NS_ASSERTIONS = NO;
				ENABLE_STRICT_OBJC_MSGSEND = YES;
				GCC_C_LANGUAGE_STANDARD = gnu11;
				GCC_NO_COMMON_BLOCKS = YES;
				GCC_WARN_64_TO_32_BIT_CONVERSION = YES;
				GCC_WARN_ABOUT_RETURN_TYPE = YES_ERROR;
				GCC_WARN_UNDECLARED_SELECTOR = YES;
				GCC_WARN_UNINITIALIZED_AUTOS = YES_AGGRESSIVE;
				GCC_WARN_UNUSED_FUNCTION = YES;
				GCC_WARN_UNUSED_VARIABLE = YES;
				IPHONEOS_DEPLOYMENT_TARGET = 12.1;
				MTL_ENABLE_DEBUG_INFO = NO;
				MTL_FAST_MATH = YES;
				SDKROOT = iphoneos;
				SWIFT_COMPILATION_MODE = wholemodule;
				SWIFT_OPTIMIZATION_LEVEL = "-O";
				VALIDATE_PRODUCT = YES;
			};
			name = Release;
		};
		A707B06121D4A559004221EF /* Debug */ = {
			isa = XCBuildConfiguration;
			baseConfigurationReference = 9B9B0BEA23EE4BC35477612A /* Pods-WeatherForecast.debug.xcconfig */;
			buildSettings = {
				ASSETCATALOG_COMPILER_APPICON_NAME = AppIcon;
				CODE_SIGN_STYLE = Automatic;
				INFOPLIST_FILE = WeatherForecast/Info.plist;
				LD_RUNPATH_SEARCH_PATHS = (
					"$(inherited)",
					"@executable_path/Frameworks",
				);
				PRODUCT_BUNDLE_IDENTIFIER = sumit.parmar.WeatherForecast;
				PRODUCT_NAME = "$(TARGET_NAME)";
				SWIFT_VERSION = 4.2;
				TARGETED_DEVICE_FAMILY = "1,2";
			};
			name = Debug;
		};
		A707B06221D4A559004221EF /* Release */ = {
			isa = XCBuildConfiguration;
			baseConfigurationReference = 5E4FBD60551DD04F60494D0A /* Pods-WeatherForecast.release.xcconfig */;
			buildSettings = {
				ASSETCATALOG_COMPILER_APPICON_NAME = AppIcon;
				CODE_SIGN_STYLE = Automatic;
				INFOPLIST_FILE = WeatherForecast/Info.plist;
				LD_RUNPATH_SEARCH_PATHS = (
					"$(inherited)",
					"@executable_path/Frameworks",
				);
				PRODUCT_BUNDLE_IDENTIFIER = sumit.parmar.WeatherForecast;
				PRODUCT_NAME = "$(TARGET_NAME)";
				SWIFT_VERSION = 4.2;
				TARGETED_DEVICE_FAMILY = "1,2";
			};
			name = Release;
		};
		A707B06421D4A559004221EF /* Debug */ = {
			isa = XCBuildConfiguration;
			baseConfigurationReference = 29E66667521A113873AA910E /* Pods-WeatherForecastTests.debug.xcconfig */;
			buildSettings = {
				ALWAYS_EMBED_SWIFT_STANDARD_LIBRARIES = YES;
				BUNDLE_LOADER = "$(TEST_HOST)";
				CODE_SIGN_STYLE = Automatic;
				INFOPLIST_FILE = WeatherForecastTests/Info.plist;
				LD_RUNPATH_SEARCH_PATHS = (
					"$(inherited)",
					"@executable_path/Frameworks",
					"@loader_path/Frameworks",
				);
				PRODUCT_BUNDLE_IDENTIFIER = sumit.parmar.WeatherForecastTests;
				PRODUCT_NAME = "$(TARGET_NAME)";
				SWIFT_VERSION = 4.2;
				TARGETED_DEVICE_FAMILY = "1,2";
				TEST_HOST = "$(BUILT_PRODUCTS_DIR)/WeatherForecast.app/WeatherForecast";
			};
			name = Debug;
		};
		A707B06521D4A559004221EF /* Release */ = {
			isa = XCBuildConfiguration;
			baseConfigurationReference = 3AD166C5775835033A97BB82 /* Pods-WeatherForecastTests.release.xcconfig */;
			buildSettings = {
				ALWAYS_EMBED_SWIFT_STANDARD_LIBRARIES = YES;
				BUNDLE_LOADER = "$(TEST_HOST)";
				CODE_SIGN_STYLE = Automatic;
				INFOPLIST_FILE = WeatherForecastTests/Info.plist;
				LD_RUNPATH_SEARCH_PATHS = (
					"$(inherited)",
					"@executable_path/Frameworks",
					"@loader_path/Frameworks",
				);
				PRODUCT_BUNDLE_IDENTIFIER = sumit.parmar.WeatherForecastTests;
				PRODUCT_NAME = "$(TARGET_NAME)";
				SWIFT_VERSION = 4.2;
				TARGETED_DEVICE_FAMILY = "1,2";
				TEST_HOST = "$(BUILT_PRODUCTS_DIR)/WeatherForecast.app/WeatherForecast";
			};
			name = Release;
		};
/* End XCBuildConfiguration section */

/* Begin XCConfigurationList section */
		A707B03E21D4A558004221EF /* Build configuration list for PBXProject "WeatherForecast" */ = {
			isa = XCConfigurationList;
			buildConfigurations = (
				A707B05E21D4A559004221EF /* Debug */,
				A707B05F21D4A559004221EF /* Release */,
			);
			defaultConfigurationIsVisible = 0;
			defaultConfigurationName = Release;
		};
		A707B06021D4A559004221EF /* Build configuration list for PBXNativeTarget "WeatherForecast" */ = {
			isa = XCConfigurationList;
			buildConfigurations = (
				A707B06121D4A559004221EF /* Debug */,
				A707B06221D4A559004221EF /* Release */,
			);
			defaultConfigurationIsVisible = 0;
			defaultConfigurationName = Release;
		};
		A707B06321D4A559004221EF /* Build configuration list for PBXNativeTarget "WeatherForecastTests" */ = {
			isa = XCConfigurationList;
			buildConfigurations = (
				A707B06421D4A559004221EF /* Debug */,
				A707B06521D4A559004221EF /* Release */,
			);
			defaultConfigurationIsVisible = 0;
			defaultConfigurationName = Release;
		};
/* End XCConfigurationList section */
	};
	rootObject = A707B03B21D4A558004221EF /* Project object */;
}
